
Microsoft Visual Studio Solution File, Format Version 12.00
# Visual Studio Version 17
VisualStudioVersion = 17.14.37111.16 d17.14
MinimumVisualStudioVersion = 10.0.40219.1
Project("{FAE04EC0-301F-11D3-BF4B-00C04F79EFBC}") = "DbModeler", "DbModeler\DbModeler.csproj", "{8D2AAA1E-D376-4837-9D6C-DD65175DD913}"
EndProject
Global
	GlobalSection(SolutionConfigurationPlatforms) = preSolution
		Debug|Any CPU = Debug|Any CPU
		Release|Any CPU = Release|Any CPU
	EndGlobalSection
	GlobalSection(ProjectConfigurationPlatforms) = postSolution
		{8D2AAA1E-D376-4837-9D6C-DD65175DD913}.Debug|Any CPU.ActiveCfg = Debug|Any CPU
		{8D2AAA1E-D376-4837-9D6C-DD65175DD913}.Debug|Any CPU.Build.0 = Debug|Any CPU
		{8D2AAA1E-D376-4837-9D6C-DD65175DD913}.Release|Any CPU.ActiveCfg = Release|Any CPU
		{8D2AAA1E-D376-4837-9D6C-DD65175DD913}.Release|Any CPU.Build.0 = Release|Any CPU
	EndGlobalSection
	GlobalSection(SolutionProperties) = preSolution
		HideSolutionNode = FALSE
	EndGlobalSection
	GlobalSection(ExtensibilityGlobals) = postSolution
		SolutionGuid = {254EBCE6-DEE1-4F13-A4A5-9E1F75A64282}
	EndGlobalSection
EndGlobal
