
Microsoft Visual Studio Solution File, Format Version 12.00
# Visual Studio Version 17
VisualStudioVersion = 17.14.37111.16 d17.14
MinimumVisualStudioVersion = 10.0.40219.1
Project("{FAE04EC0-301F-11D3-BF4B-00C04F79EFBC}") = "db_modelling_gui_2026", "db_modelling_gui_2026\db_modelling_gui_2026.csproj", "{21ABCD08-C00A-4683-9634-827ADF46F291}"
EndProject
Global
	GlobalSection(SolutionConfigurationPlatforms) = preSolution
		Debug|Any CPU = Debug|Any CPU
		Release|Any CPU = Release|Any CPU
	EndGlobalSection
	GlobalSection(ProjectConfigurationPlatforms) = postSolution
		{21ABCD08-C00A-4683-9634-827ADF46F291}.Debug|Any CPU.ActiveCfg = Debug|Any CPU
		{21ABCD08-C00A-4683-9634-827ADF46F291}.Debug|Any CPU.Build.0 = Debug|Any CPU
		{21ABCD08-C00A-4683-9634-827ADF46F291}.Release|Any CPU.ActiveCfg = Release|Any CPU
		{21ABCD08-C00A-4683-9634-827ADF46F291}.Release|Any CPU.Build.0 = Release|Any CPU
	EndGlobalSection
	GlobalSection(SolutionProperties) = preSolution
		HideSolutionNode = FALSE
	EndGlobalSection
	GlobalSection(ExtensibilityGlobals) = postSolution
		SolutionGuid = {C87484F2-6CBC-40EF-98CB-82FDBFFA2B7F}
	EndGlobalSection
EndGlobal
